
Microsoft Visual Studio Solution File, Format Version 12.00
# Visual Studio Version 17
VisualStudioVersion = 17.9.34714.143
MinimumVisualStudioVersion = 10.0.40219.1
Project("{FAE04EC0-301F-11D3-BF4B-00C04F79EFBC}") = "azureOpenAI", "azureOpenAI\azureOpenAI.csproj", "{AD5B967A-F8FF-4592-8D75-62096016124D}"
EndProject
Global
	GlobalSection(SolutionConfigurationPlatforms) = preSolution
		Debug|Any CPU = Debug|Any CPU
		Release|Any CPU = Release|Any CPU
	EndGlobalSection
	GlobalSection(ProjectConfigurationPlatforms) = postSolution
		{AD5B967A-F8FF-4592-8D75-62096016124D}.Debug|Any CPU.ActiveCfg = Debug|Any CPU
		{AD5B967A-F8FF-4592-8D75-62096016124D}.Debug|Any CPU.Build.0 = Debug|Any CPU
		{AD5B967A-F8FF-4592-8D75-62096016124D}.Debug|Any CPU.Deploy.0 = Debug|Any CPU
		{AD5B967A-F8FF-4592-8D75-62096016124D}.Release|Any CPU.ActiveCfg = Release|Any CPU
		{AD5B967A-F8FF-4592-8D75-62096016124D}.Release|Any CPU.Build.0 = Release|Any CPU
		{AD5B967A-F8FF-4592-8D75-62096016124D}.Release|Any CPU.Deploy.0 = Release|Any CPU
	EndGlobalSection
	GlobalSection(SolutionProperties) = preSolution
		HideSolutionNode = FALSE
	EndGlobalSection
	GlobalSection(ExtensibilityGlobals) = postSolution
		SolutionGuid = {E870C22E-F31B-43FE-A78C-844AED891886}
	EndGlobalSection
EndGlobal
